{
  "name": "share-n-display",
  "version": "0.0.1",
  "lockfileVersion": 3,
  "requires": true,
  "packages": {
    "": {
      "name": "share-n-display",
      "version": "0.0.1",
      "license": "ISC",
      "workspaces": [
        "./workers/*",
        "./obisidian-share-plugin/",
        "obsidian-share-plugin"
      ]
    },
    "node_modules/obsidian-share-plugin": {
      "resolved": "obsidian-share-plugin",
      "link": true
    },
    "obsidian-share-plugin": {
      "version": "0.0.1",
      "license": "ISC"
    }
  }
}
